// !$*UTF8*$!
{
	archiveVersion = 1;
	classes = {
	};
	objectVersion = 56;
	objects = {

/* Begin PBXBuildFile section */
		11DF71642AE1114600887138 /* LittleLemonAppsApp.swift in Sources */ = {isa = PBXBuildFile; fileRef = 11DF71632AE1114600887138 /* LittleLemonAppsApp.swift */; };
		11DF71662AE1114600887138 /* ContentView.swift in Sources */ = {isa = PBXBuildFile; fileRef = 11DF71652AE1114600887138 /* ContentView.swift */; };
		11DF71682AE1114800887138 /* Assets.xcassets in Resources */ = {isa = PBXBuildFile; fileRef = 11DF71672AE1114800887138 /* Assets.xcassets */; };
		11DF716B2AE1114800887138 /* Preview Assets.xcassets in Resources */ = {isa = PBXBuildFile; fileRef = 11DF716A2AE1114800887138 /* Preview Assets.xcassets */; };
		11DF71752AE1114900887138 /* LittleLemonAppsTests.swift in Sources */ = {isa = PBXBuildFile; fileRef = 11DF71742AE1114900887138 /* LittleLemonAppsTests.swift */; };
		11DF717F2AE1114900887138 /* LittleLemonAppsUITests.swift in Sources */ = {isa = PBXBuildFile; fileRef = 11DF717E2AE1114900887138 /* LittleLemonAppsUITests.swift */; };
		11DF71812AE1114900887138 /* LittleLemonAppsUITestsLaunchTests.swift in Sources */ = {isa = PBXBuildFile; fileRef = 11DF71802AE1114900887138 /* LittleLemonAppsUITestsLaunchTests.swift */; };
/* End PBXBuildFile section */

/* Begin PBXContainerItemProxy section */
		11DF71712AE1114900887138 /* PBXContainerItemProxy */ = {
			isa = PBXContainerItemProxy;
			containerPortal = 11DF71582AE1114600887138 /* Project object */;
			proxyType = 1;
			remoteGlobalIDString = 11DF715F2AE1114600887138;
			remoteInfo = LittleLemonApps;
		};
		11DF717B2AE1114900887138 /* PBXContainerItemProxy */ = {
			isa = PBXContainerItemProxy;
			containerPortal = 11DF71582AE1114600887138 /* Project object */;
			proxyType = 1;
			remoteGlobalIDString = 11DF715F2AE1114600887138;
			remoteInfo = LittleLemonApps;
		};
/* End PBXContainerItemProxy section */

/* Begin PBXFileReference section */
		11DF71602AE1114600887138 /* LittleLemonApps.app */ = {isa = PBXFileReference; explicitFileType = wrapper.application; includeInIndex = 0; path = LittleLemonApps.app; sourceTree = BUILT_PRODUCTS_DIR; };
		11DF71632AE1114600887138 /* LittleLemonAppsApp.swift */ = {isa = PBXFileReference; lastKnownFileType = sourcecode.swift; path = LittleLemonAppsApp.swift; sourceTree = "<group>"; };
		11DF71652AE1114600887138 /* ContentView.swift */ = {isa = PBXFileReference; lastKnownFileType = sourcecode.swift; path = ContentView.swift; sourceTree = "<group>"; };
		11DF71672AE1114800887138 /* Assets.xcassets */ = {isa = PBXFileReference; lastKnownFileType = folder.assetcatalog; path = Assets.xcassets; sourceTree = "<group>"; };
		11DF716A2AE1114800887138 /* Preview Assets.xcassets */ = {isa = PBXFileReference; lastKnownFileType = folder.assetcatalog; path = "Preview Assets.xcassets"; sourceTree = "<group>"; };
		11DF71702AE1114900887138 /* LittleLemonAppsTests.xctest */ = {isa = PBXFileReference; explicitFileType = wrapper.cfbundle; includeInIndex = 0; path = LittleLemonAppsTests.xctest; sourceTree = BUILT_PRODUCTS_DIR; };
		11DF71742AE1114900887138 /* LittleLemonAppsTests.swift */ = {isa = PBXFileReference; lastKnownFileType = sourcecode.swift; path = LittleLemonAppsTests.swift; sourceTree = "<group>"; };
		11DF717A2AE1114900887138 /* LittleLemonAppsUITests.xctest */ = {isa = PBXFileReference; explicitFileType = wrapper.cfbundle; includeInIndex = 0; path = LittleLemonAppsUITests.xctest; sourceTree = BUILT_PRODUCTS_DIR; };
		11DF717E2AE1114900887138 /* LittleLemonAppsUITests.swift */ = {isa = PBXFileReference; lastKnownFileType = sourcecode.swift; path = LittleLemonAppsUITests.swift; sourceTree = "<group>"; };
		11DF71802AE1114900887138 /* LittleLemonAppsUITestsLaunchTests.swift */ = {isa = PBXFileReference; lastKnownFileType = sourcecode.swift; path = LittleLemonAppsUITestsLaunchTests.swift; sourceTree = "<group>"; };
/* End PBXFileReference section */

/* Begin PBXFrameworksBuildPhase section */
		11DF715D2AE1114600887138 /* Frameworks */ = {
			isa = PBXFrameworksBuildPhase;
			buildActionMask = 2147483647;
			files = (
			);
			runOnlyForDeploymentPostprocessing = 0;
		};
		11DF716D2AE1114900887138 /* Frameworks */ = {
			isa = PBXFrameworksBuildPhase;
			buildActionMask = 2147483647;
			files = (
			);
			runOnlyForDeploymentPostprocessing = 0;
		};
		11DF71772AE1114900887138 /* Frameworks */ = {
			isa = PBXFrameworksBuildPhase;
			buildActionMask = 2147483647;
			files = (
			);
			runOnlyForDeploymentPostprocessing = 0;
		};
/* End PBXFrameworksBuildPhase section */

/* Begin PBXGroup section */
		11DF71572AE1114600887138 = {
			isa = PBXGroup;
			children = (
				11DF71622AE1114600887138 /* LittleLemonApps */,
				11DF71732AE1114900887138 /* LittleLemonAppsTests */,
				11DF717D2AE1114900887138 /* LittleLemonAppsUITests */,
				11DF71612AE1114600887138 /* Products */,
			);
			sourceTree = "<group>";
		};
		11DF71612AE1114600887138 /* Products */ = {
			isa = PBXGroup;
			children = (
				11DF71602AE1114600887138 /* LittleLemonApps.app */,
				11DF71702AE1114900887138 /* LittleLemonAppsTests.xctest */,
				11DF717A2AE1114900887138 /* LittleLemonAppsUITests.xctest */,
			);
			name = Products;
			sourceTree = "<group>";
		};
		11DF71622AE1114600887138 /* LittleLemonApps */ = {
			isa = PBXGroup;
			children = (
				11DF71632AE1114600887138 /* LittleLemonAppsApp.swift */,
				11DF71652AE1114600887138 /* ContentView.swift */,
				11DF71672AE1114800887138 /* Assets.xcassets */,
				11DF71692AE1114800887138 /* Preview Content */,
			);
			path = LittleLemonApps;
			sourceTree = "<group>";
		};
		11DF71692AE1114800887138 /* Preview Content */ = {
			isa = PBXGroup;
			children = (
				11DF716A2AE1114800887138 /* Preview Assets.xcassets */,
			);
			path = "Preview Content";
			sourceTree = "<group>";
		};
		11DF71732AE1114900887138 /* LittleLemonAppsTests */ = {
			isa = PBXGroup;
			children = (
				11DF71742AE1114900887138 /* LittleLemonAppsTests.swift */,
			);
			path = LittleLemonAppsTests;
			sourceTree = "<group>";
		};
		11DF717D2AE1114900887138 /* LittleLemonAppsUITests */ = {
			isa = PBXGroup;
			children = (
				11DF717E2AE1114900887138 /* LittleLemonAppsUITests.swift */,
				11DF71802AE1114900887138 /* LittleLemonAppsUITestsLaunchTests.swift */,
			);
			path = LittleLemonAppsUITests;
			sourceTree = "<group>";
		};
/* End PBXGroup section */

/* Begin PBXNativeTarget section */
		11DF715F2AE1114600887138 /* LittleLemonApps */ = {
			isa = PBXNativeTarget;
			buildConfigurationList = 11DF71842AE1114900887138 /* Build configuration list for PBXNativeTarget "LittleLemonApps" */;
			buildPhases = (
				11DF715C2AE1114600887138 /* Sources */,
				11DF715D2AE1114600887138 /* Frameworks */,
				11DF715E2AE1114600887138 /* Resources */,
			);
			buildRules = (
			);
			dependencies = (
			);
			name = LittleLemonApps;
			productName = LittleLemonApps;
			productReference = 11DF71602AE1114600887138 /* LittleLemonApps.app */;
			productType = "com.apple.product-type.application";
		};
		11DF716F2AE1114900887138 /* LittleLemonAppsTests */ = {
			isa = PBXNativeTarget;
			buildConfigurationList = 11DF71872AE1114900887138 /* Build configuration list for PBXNativeTarget "LittleLemonAppsTests" */;
			buildPhases = (
				11DF716C2AE1114900887138 /* Sources */,
				11DF716D2AE1114900887138 /* Frameworks */,
				11DF716E2AE1114900887138 /* Resources */,
			);
			buildRules = (
			);
			dependencies = (
				11DF71722AE1114900887138 /* PBXTargetDependency */,
			);
			name = LittleLemonAppsTests;
			productName = LittleLemonAppsTests;
			productReference = 11DF71702AE1114900887138 /* LittleLemonAppsTests.xctest */;
			productType = "com.apple.product-type.bundle.unit-test";
		};
		11DF71792AE1114900887138 /* LittleLemonAppsUITests */ = {
			isa = PBXNativeTarget;
			buildConfigurationList = 11DF718A2AE1114900887138 /* Build configuration list for PBXNativeTarget "LittleLemonAppsUITests" */;
			buildPhases = (
				11DF71762AE1114900887138 /* Sources */,
				11DF71772AE1114900887138 /* Frameworks */,
				11DF71782AE1114900887138 /* Resources */,
			);
			buildRules = (
			);
			dependencies = (
				11DF717C2AE1114900887138 /* PBXTargetDependency */,
			);
			name = LittleLemonAppsUITests;
			productName = LittleLemonAppsUITests;
			productReference = 11DF717A2AE1114900887138 /* LittleLemonAppsUITests.xctest */;
			productType = "com.apple.product-type.bundle.ui-testing";
		};
/* End PBXNativeTarget section */

/* Begin PBXProject section */
		11DF71582AE1114600887138 /* Project object */ = {
			isa = PBXProject;
			attributes = {
				BuildIndependentTargetsInParallel = 1;
				LastSwiftUpdateCheck = 1430;
				LastUpgradeCheck = 1430;
				TargetAttributes = {
					11DF715F2AE1114600887138 = {
						CreatedOnToolsVersion = 14.3.1;
					};
					11DF716F2AE1114900887138 = {
						CreatedOnToolsVersion = 14.3.1;
						TestTargetID = 11DF715F2AE1114600887138;
					};
					11DF71792AE1114900887138 = {
						CreatedOnToolsVersion = 14.3.1;
						TestTargetID = 11DF715F2AE1114600887138;
					};
				};
			};
			buildConfigurationList = 11DF715B2AE1114600887138 /* Build configuration list for PBXProject "LittleLemonApps" */;
			compatibilityVersion = "Xcode 14.0";
			developmentRegion = en;
			hasScannedForEncodings = 0;
			knownRegions = (
				en,
				Base,
			);
			mainGroup = 11DF71572AE1114600887138;
			productRefGroup = 11DF71612AE1114600887138 /* Products */;
			projectDirPath = "";
			projectRoot = "";
			targets = (
				11DF715F2AE1114600887138 /* LittleLemonApps */,
				11DF716F2AE1114900887138 /* LittleLemonAppsTests */,
				11DF71792AE1114900887138 /* LittleLemonAppsUITests */,
			);
		};
/* End PBXProject section */

/* Begin PBXResourcesBuildPhase section */
		11DF715E2AE1114600887138 /* Resources */ = {
			isa = PBXResourcesBuildPhase;
			buildActionMask = 2147483647;
			files = (
				11DF716B2AE1114800887138 /* Preview Assets.xcassets in Resources */,
				11DF71682AE1114800887138 /* Assets.xcassets in Resources */,
			);
			runOnlyForDeploymentPostprocessing = 0;
		};
		11DF716E2AE1114900887138 /* Resources */ = {
			isa = PBXResourcesBuildPhase;
			buildActionMask = 2147483647;
			files = (
			);
			runOnlyForDeploymentPostprocessing = 0;
		};
		11DF71782AE1114900887138 /* Resources */ = {
			isa = PBXResourcesBuildPhase;
			buildActionMask = 2147483647;
			files = (
			);
			runOnlyForDeploymentPostprocessing = 0;
		};
/* End PBXResourcesBuildPhase section */

/* Begin PBXSourcesBuildPhase section */
		11DF715C2AE1114600887138 /* Sources */ = {
			isa = PBXSourcesBuildPhase;
			buildActionMask = 2147483647;
			files = (
				11DF71662AE1114600887138 /* ContentView.swift in Sources */,
				11DF71642AE1114600887138 /* LittleLemonAppsApp.swift in Sources */,
			);
			runOnlyForDeploymentPostprocessing = 0;
		};
		11DF716C2AE1114900887138 /* Sources */ = {
			isa = PBXSourcesBuildPhase;
			buildActionMask = 2147483647;
			files = (
				11DF71752AE1114900887138 /* LittleLemonAppsTests.swift in Sources */,
			);
			runOnlyForDeploymentPostprocessing = 0;
		};
		11DF71762AE1114900887138 /* Sources */ = {
			isa = PBXSourcesBuildPhase;
			buildActionMask = 2147483647;
			files = (
				11DF71812AE1114900887138 /* LittleLemonAppsUITestsLaunchTests.swift in Sources */,
				11DF717F2AE1114900887138 /* LittleLemonAppsUITests.swift in Sources */,
			);
			runOnlyForDeploymentPostprocessing = 0;
		};
/* End PBXSourcesBuildPhase section */

/* Begin PBXTargetDependency section */
		11DF71722AE1114900887138 /* PBXTargetDependency */ = {
			isa = PBXTargetDependency;
			target = 11DF715F2AE1114600887138 /* LittleLemonApps */;
			targetProxy = 11DF71712AE1114900887138 /* PBXContainerItemProxy */;
		};
		11DF717C2AE1114900887138 /* PBXTargetDependency */ = {
			isa = PBXTargetDependency;
			target = 11DF715F2AE1114600887138 /* LittleLemonApps */;
			targetProxy = 11DF717B2AE1114900887138 /* PBXContainerItemProxy */;
		};
/* End PBXTargetDependency section */

/* Begin XCBuildConfiguration section */
		11DF71822AE1114900887138 /* Debug */ = {
			isa = XCBuildConfiguration;
			buildSettings = {
				ALWAYS_SEARCH_USER_PATHS = NO;
				CLANG_ANALYZER_NONNULL = YES;
				CLANG_ANALYZER_NUMBER_OBJECT_CONVERSION = YES_AGGRESSIVE;
				CLANG_CXX_LANGUAGE_STANDARD = "gnu++20";
				CLANG_ENABLE_MODULES = YES;
				CLANG_ENABLE_OBJC_ARC = YES;
				CLANG_ENABLE_OBJC_WEAK = YES;
				CLANG_WARN_BLOCK_CAPTURE_AUTORELEASING = YES;
				CLANG_WARN_BOOL_CONVERSION = YES;
				CLANG_WARN_COMMA = YES;
				CLANG_WARN_CONSTANT_CONVERSION = YES;
				CLANG_WARN_DEPRECATED_OBJC_IMPLEMENTATIONS = YES;
				CLANG_WARN_DIRECT_OBJC_ISA_USAGE = YES_ERROR;
				CLANG_WARN_DOCUMENTATION_COMMENTS = YES;
				CLANG_WARN_EMPTY_BODY = YES;
				CLANG_WARN_ENUM_CONVERSION = YES;
				CLANG_WARN_INFINITE_RECURSION = YES;
				CLANG_WARN_INT_CONVERSION = YES;
				CLANG_WARN_NON_LITERAL_NULL_CONVERSION = YES;
				CLANG_WARN_OBJC_IMPLICIT_RETAIN_SELF = YES;
				CLANG_WARN_OBJC_LITERAL_CONVERSION = YES;
				CLANG_WARN_OBJC_ROOT_CLASS = YES_ERROR;
				CLANG_WARN_QUOTED_INCLUDE_IN_FRAMEWORK_HEADER = YES;
				CLANG_WARN_RANGE_LOOP_ANALYSIS = YES;
				CLANG_WARN_STRICT_PROTOTYPES = YES;
				CLANG_WARN_SUSPICIOUS_MOVE = YES;
				CLANG_WARN_UNGUARDED_AVAILABILITY = YES_AGGRESSIVE;
				CLANG_WARN_UNREACHABLE_CODE = YES;
				CLANG_WARN__DUPLICATE_METHOD_MATCH = YES;
				COPY_PHASE_STRIP = NO;
				DEBUG_INFORMATION_FORMAT = dwarf;
				ENABLE_STRICT_OBJC_MSGSEND = YES;
				ENABLE_TESTABILITY = YES;
				GCC_C_LANGUAGE_STANDARD = gnu11;
				GCC_DYNAMIC_NO_PIC = NO;
				GCC_NO_COMMON_BLOCKS = YES;
				GCC_OPTIMIZATION_LEVEL = 0;
				GCC_PREPROCESSOR_DEFINITIONS = (
					"DEBUG=1",
					"$(inherited)",
				);
				GCC_WARN_64_TO_32_BIT_CONVERSION = YES;
				GCC_WARN_ABOUT_RETURN_TYPE = YES_ERROR;
				GCC_WARN_UNDECLARED_SELECTOR = YES;
				GCC_WARN_UNINITIALIZED_AUTOS = YES_AGGRESSIVE;
				GCC_WARN_UNUSED_FUNCTION = YES;
				GCC_WARN_UNUSED_VARIABLE = YES;
				IPHONEOS_DEPLOYMENT_TARGET = 16.4;
				MTL_ENABLE_DEBUG_INFO = INCLUDE_SOURCE;
				MTL_FAST_MATH = YES;
				ONLY_ACTIVE_ARCH = YES;
				SDKROOT = iphoneos;
				SWIFT_ACTIVE_COMPILATION_CONDITIONS = DEBUG;
				SWIFT_OPTIMIZATION_LEVEL = "-Onone";
			};
			name = Debug;
		};
		11DF71832AE1114900887138 /* Release */ = {
			isa = XCBuildConfiguration;
			buildSettings = {
				ALWAYS_SEARCH_USER_PATHS = NO;
				CLANG_ANALYZER_NONNULL = YES;
				CLANG_ANALYZER_NUMBER_OBJECT_CONVERSION = YES_AGGRESSIVE;
				CLANG_CXX_LANGUAGE_STANDARD = "gnu++20";
				CLANG_ENABLE_MODULES = YES;
				CLANG_ENABLE_OBJC_ARC = YES;
				CLANG_ENABLE_OBJC_WEAK = YES;
				CLANG_WARN_BLOCK_CAPTURE_AUTORELEASING = YES;
				CLANG_WARN_BOOL_CONVERSION = YES;
				CLANG_WARN_COMMA = YES;
				CLANG_WARN_CONSTANT_CONVERSION = YES;
				CLANG_WARN_DEPRECATED_OBJC_IMPLEMENTATIONS = YES;
				CLANG_WARN_DIRECT_OBJC_ISA_USAGE = YES_ERROR;
				CLANG_WARN_DOCUMENTATION_COMMENTS = YES;
				CLANG_WARN_EMPTY_BODY = YES;
				CLANG_WARN_ENUM_CONVERSION = YES;
				CLANG_WARN_INFINITE_RECURSION = YES;
				CLANG_WARN_INT_CONVERSION = YES;
				CLANG_WARN_NON_LITERAL_NULL_CONVERSION = YES;
				CLANG_WARN_OBJC_IMPLICIT_RETAIN_SELF = YES;
				CLANG_WARN_OBJC_LITERAL_CONVERSION = YES;
				CLANG_WARN_OBJC_ROOT_CLASS = YES_ERROR;
				CLANG_WARN_QUOTED_INCLUDE_IN_FRAMEWORK_HEADER = YES;
				CLANG_WARN_RANGE_LOOP_ANALYSIS = YES;
				CLANG_WARN_STRICT_PROTOTYPES = YES;
				CLANG_WARN_SUSPICIOUS_MOVE = YES;
				CLANG_WARN_UNGUARDED_AVAILABILITY = YES_AGGRESSIVE;
				CLANG_WARN_UNREACHABLE_CODE = YES;
				CLANG_WARN__DUPLICATE_METHOD_MATCH = YES;
				COPY_PHASE_STRIP = NO;
				DEBUG_INFORMATION_FORMAT = "dwarf-with-dsym";
				ENABLE_NS_ASSERTIONS = NO;
				ENABLE_STRICT_OBJC_MSGSEND = YES;
				GCC_C_LANGUAGE_STANDARD = gnu11;
				GCC_NO_COMMON_BLOCKS = YES;
				GCC_WARN_64_TO_32_BIT_CONVERSION = YES;
				GCC_WARN_ABOUT_RETURN_TYPE = YES_ERROR;
				GCC_WARN_UNDECLARED_SELECTOR = YES;
				GCC_WARN_UNINITIALIZED_AUTOS = YES_AGGRESSIVE;
				GCC_WARN_UNUSED_FUNCTION = YES;
				GCC_WARN_UNUSED_VARIABLE = YES;
				IPHONEOS_DEPLOYMENT_TARGET = 16.4;
				MTL_ENABLE_DEBUG_INFO = NO;
				MTL_FAST_MATH = YES;
				SDKROOT = iphoneos;
				SWIFT_COMPILATION_MODE = wholemodule;
				SWIFT_OPTIMIZATION_LEVEL = "-O";
				VALIDATE_PRODUCT = YES;
			};
			name = Release;
		};
		11DF71852AE1114900887138 /* Debug */ = {
			isa = XCBuildConfiguration;
			buildSettings = {
				ASSETCATALOG_COMPILER_APPICON_NAME = AppIcon;
				ASSETCATALOG_COMPILER_GLOBAL_ACCENT_COLOR_NAME = AccentColor;
				CODE_SIGN_STYLE = Automatic;
				CURRENT_PROJECT_VERSION = 1;
				DEVELOPMENT_ASSET_PATHS = "\"LittleLemonApps/Preview Content\"";
				DEVELOPMENT_TEAM = 6SXJPZZ3QL;
				ENABLE_PREVIEWS = YES;
				GENERATE_INFOPLIST_FILE = YES;
				INFOPLIST_KEY_UIApplicationSceneManifest_Generation = YES;
				INFOPLIST_KEY_UIApplicationSupportsIndirectInputEvents = YES;
				INFOPLIST_KEY_UILaunchScreen_Generation = YES;
				INFOPLIST_KEY_UISupportedInterfaceOrientations_iPad = "UIInterfaceOrientationPortrait UIInterfaceOrientationPortraitUpsideDown UIInterfaceOrientationLandscapeLeft UIInterfaceOrientationLandscapeRight";
				INFOPLIST_KEY_UISupportedInterfaceOrientations_iPhone = "UIInterfaceOrientationPortrait UIInterfaceOrientationLandscapeLeft UIInterfaceOrientationLandscapeRight";
				LD_RUNPATH_SEARCH_PATHS = (
					"$(inherited)",
					"@executable_path/Frameworks",
				);
				MARKETING_VERSION = 1.0;
				PRODUCT_BUNDLE_IDENTIFIER = littlelemonreza.LittleLemonApps;
				PRODUCT_NAME = "$(TARGET_NAME)";
				SWIFT_EMIT_LOC_STRINGS = YES;
				SWIFT_VERSION = 5.0;
				TARGETED_DEVICE_FAMILY = "1,2";
			};
			name = Debug;
		};
		11DF71862AE1114900887138 /* Release */ = {
			isa = XCBuildConfiguration;
			buildSettings = {
				ASSETCATALOG_COMPILER_APPICON_NAME = AppIcon;
				ASSETCATALOG_COMPILER_GLOBAL_ACCENT_COLOR_NAME = AccentColor;
				CODE_SIGN_STYLE = Automatic;
				CURRENT_PROJECT_VERSION = 1;
				DEVELOPMENT_ASSET_PATHS = "\"LittleLemonApps/Preview Content\"";
				DEVELOPMENT_TEAM = 6SXJPZZ3QL;
				ENABLE_PREVIEWS = YES;
				GENERATE_INFOPLIST_FILE = YES;
				INFOPLIST_KEY_UIApplicationSceneManifest_Generation = YES;
				INFOPLIST_KEY_UIApplicationSupportsIndirectInputEvents = YES;
				INFOPLIST_KEY_UILaunchScreen_Generation = YES;
				INFOPLIST_KEY_UISupportedInterfaceOrientations_iPad = "UIInterfaceOrientationPortrait UIInterfaceOrientationPortraitUpsideDown UIInterfaceOrientationLandscapeLeft UIInterfaceOrientationLandscapeRight";
				INFOPLIST_KEY_UISupportedInterfaceOrientations_iPhone = "UIInterfaceOrientationPortrait UIInterfaceOrientationLandscapeLeft UIInterfaceOrientationLandscapeRight";
				LD_RUNPATH_SEARCH_PATHS = (
					"$(inherited)",
					"@executable_path/Frameworks",
				);
				MARKETING_VERSION = 1.0;
				PRODUCT_BUNDLE_IDENTIFIER = littlelemonreza.LittleLemonApps;
				PRODUCT_NAME = "$(TARGET_NAME)";
				SWIFT_EMIT_LOC_STRINGS = YES;
				SWIFT_VERSION = 5.0;
				TARGETED_DEVICE_FAMILY = "1,2";
			};
			name = Release;
		};
		11DF71882AE1114900887138 /* Debug */ = {
			isa = XCBuildConfiguration;
			buildSettings = {
				ALWAYS_EMBED_SWIFT_STANDARD_LIBRARIES = YES;
				BUNDLE_LOADER = "$(TEST_HOST)";
				CODE_SIGN_STYLE = Automatic;
				CURRENT_PROJECT_VERSION = 1;
				DEVELOPMENT_TEAM = 6SXJPZZ3QL;
				GENERATE_INFOPLIST_FILE = YES;
				IPHONEOS_DEPLOYMENT_TARGET = 16.4;
				MARKETING_VERSION = 1.0;
				PRODUCT_BUNDLE_IDENTIFIER = littlelemonreza.LittleLemonAppsTests;
				PRODUCT_NAME = "$(TARGET_NAME)";
				SWIFT_EMIT_LOC_STRINGS = NO;
				SWIFT_VERSION = 5.0;
				TARGETED_DEVICE_FAMILY = "1,2";
				TEST_HOST = "$(BUILT_PRODUCTS_DIR)/LittleLemonApps.app/$(BUNDLE_EXECUTABLE_FOLDER_PATH)/LittleLemonApps";
			};
			name = Debug;
		};
		11DF71892AE1114900887138 /* Release */ = {
			isa = XCBuildConfiguration;
			buildSettings = {
				ALWAYS_EMBED_SWIFT_STANDARD_LIBRARIES = YES;
				BUNDLE_LOADER = "$(TEST_HOST)";
				CODE_SIGN_STYLE = Automatic;
				CURRENT_PROJECT_VERSION = 1;
				DEVELOPMENT_TEAM = 6SXJPZZ3QL;
				GENERATE_INFOPLIST_FILE = YES;
				IPHONEOS_DEPLOYMENT_TARGET = 16.4;
				MARKETING_VERSION = 1.0;
				PRODUCT_BUNDLE_IDENTIFIER = littlelemonreza.LittleLemonAppsTests;
				PRODUCT_NAME = "$(TARGET_NAME)";
				SWIFT_EMIT_LOC_STRINGS = NO;
				SWIFT_VERSION = 5.0;
				TARGETED_DEVICE_FAMILY = "1,2";
				TEST_HOST = "$(BUILT_PRODUCTS_DIR)/LittleLemonApps.app/$(BUNDLE_EXECUTABLE_FOLDER_PATH)/LittleLemonApps";
			};
			name = Release;
		};
		11DF718B2AE1114900887138 /* Debug */ = {
			isa = XCBuildConfiguration;
			buildSettings = {
				ALWAYS_EMBED_SWIFT_STANDARD_LIBRARIES = YES;
				CODE_SIGN_STYLE = Automatic;
				CURRENT_PROJECT_VERSION = 1;
				DEVELOPMENT_TEAM = 6SXJPZZ3QL;
				GENERATE_INFOPLIST_FILE = YES;
				MARKETING_VERSION = 1.0;
				PRODUCT_BUNDLE_IDENTIFIER = littlelemonreza.LittleLemonAppsUITests;
				PRODUCT_NAME = "$(TARGET_NAME)";
				SWIFT_EMIT_LOC_STRINGS = NO;
				SWIFT_VERSION = 5.0;
				TARGETED_DEVICE_FAMILY = "1,2";
				TEST_TARGET_NAME = LittleLemonApps;
			};
			name = Debug;
		};
		11DF718C2AE1114900887138 /* Release */ = {
			isa = XCBuildConfiguration;
			buildSettings = {
				ALWAYS_EMBED_SWIFT_STANDARD_LIBRARIES = YES;
				CODE_SIGN_STYLE = Automatic;
				CURRENT_PROJECT_VERSION = 1;
				DEVELOPMENT_TEAM = 6SXJPZZ3QL;
				GENERATE_INFOPLIST_FILE = YES;
				MARKETING_VERSION = 1.0;
				PRODUCT_BUNDLE_IDENTIFIER = littlelemonreza.LittleLemonAppsUITests;
				PRODUCT_NAME = "$(TARGET_NAME)";
				SWIFT_EMIT_LOC_STRINGS = NO;
				SWIFT_VERSION = 5.0;
				TARGETED_DEVICE_FAMILY = "1,2";
				TEST_TARGET_NAME = LittleLemonApps;
			};
			name = Release;
		};
/* End XCBuildConfiguration section */

/* Begin XCConfigurationList section */
		11DF715B2AE1114600887138 /* Build configuration list for PBXProject "LittleLemonApps" */ = {
			isa = XCConfigurationList;
			buildConfigurations = (
				11DF71822AE1114900887138 /* Debug */,
				11DF71832AE1114900887138 /* Release */,
			);
			defaultConfigurationIsVisible = 0;
			defaultConfigurationName = Release;
		};
		11DF71842AE1114900887138 /* Build configuration list for PBXNativeTarget "LittleLemonApps" */ = {
			isa = XCConfigurationList;
			buildConfigurations = (
				11DF71852AE1114900887138 /* Debug */,
				11DF71862AE1114900887138 /* Release */,
			);
			defaultConfigurationIsVisible = 0;
			defaultConfigurationName = Release;
		};
		11DF71872AE1114900887138 /* Build configuration list for PBXNativeTarget "LittleLemonAppsTests" */ = {
			isa = XCConfigurationList;
			buildConfigurations = (
				11DF71882AE1114900887138 /* Debug */,
				11DF71892AE1114900887138 /* Release */,
			);
			defaultConfigurationIsVisible = 0;
			defaultConfigurationName = Release;
		};
		11DF718A2AE1114900887138 /* Build configuration list for PBXNativeTarget "LittleLemonAppsUITests" */ = {
			isa = XCConfigurationList;
			buildConfigurations = (
				11DF718B2AE1114900887138 /* Debug */,
				11DF718C2AE1114900887138 /* Release */,
			);
			defaultConfigurationIsVisible = 0;
			defaultConfigurationName = Release;
		};
/* End XCConfigurationList section */
	};
	rootObject = 11DF71582AE1114600887138 /* Project object */;
}
